RDS_File/RDS_File.rds
RDS_File/Filtered_data.rds
Results/Meta_Data.csv
RDS_File/Clustering.rds
Results/Clustering_Resolutions.csv
Results/All_markers.txt
Results/Top_Markers.txt
/home/pratik/IGIB/SCRNA_seq_data/SC3pv3_GEX_Human_PBMC_filtered_feature_bc_matrix.h5
RDS_File/RDS_File.rds
RDS_File/Filtered_data.rds
RDS_File/Clustering.rds
